{
  "version": 4,
  "terraform_version": "0.12.8",
  "serial": 15,
  "lineage": "b6572671-0cbd-d78b-78e9-85c62fa092d4",
  "outputs": {},
  "resources": [
    {
      "mode": "managed",
      "type": "yandex_compute_instance",
      "name": "app",
      "provider": "provider.yandex",
      "instances": [
        {
          "status": "tainted",
          "schema_version": 1,
          "attributes": {
            "allow_stopping_for_update": null,
            "boot_disk": [
              {
                "auto_delete": true,
                "device_name": "fhmovfv5d27260edcds5",
                "disk_id": "fhmovfv5d27260edcds5",
                "initialize_params": [
                  {
                    "description": "",
                    "image_id": "fd8a5hul46n8gdn9uv5o",
                    "name": "",
                    "size": 10,
                    "snapshot_id": "",
                    "type": "network-hdd"
                  }
                ],
                "mode": "READ_WRITE"
              }
            ],
            "created_at": "2024-03-09T14:07:47Z",
            "description": "",
            "folder_id": "b1gsehuuljmk3t2negr8",
            "fqdn": "fhms3gqdjq5o71t58esj.auto.internal",
            "hostname": "fhms3gqdjq5o71t58esj",
            "id": "fhms3gqdjq5o71t58esj",
            "labels": null,
            "metadata": {
              "ssh-keys": "ubuntu:ssh-rsa AAAAB3NzaC1yc2EAAAADAQABAAABgQDSD4nN6PAldhbx7bMXu6plsm4UzLj6FOhe6qIIvRtBm5zBE0c229FUbhiVmCnEI8vO+MdDSMywd2rA7oWdMTR7r50M7AJFGhjq9wKchrcxwWrli9ob2OuYUdbU9ue4iCijHIv+IO6jyL6ZOOiec9RciBR5N1Whe/AWfRHWIJyRUXKfljDvtjMPgm7UUxnDwfU1hH7g7GV2F/CL9lIFoTA2VfMuTrYkxO0V1R0vrDiV80S89YcRXTkjVA8PV7VNm9jPmfGvbGEbrsB2greKMrR9WJ3g9gkRFlH7nR9/hecjaDgYLVhzXiBwvJBzIb19LKOyrpi67ko0IE2RqA84ONhYrbG/RvNFtYfRvF5V4SrmSKTjU5yw7rOPASr6k7949nxIxytbnAN3c/W/pB4RlMpBsXstl5Lsjijult4qn70DSC3UeI0iUwkfFzmYP9tF/gE2VQACzaXc7ZKm6R4dd1lTXMSCxZWDZAbcR1FZntpxb0dq07yNNWBDMOJSXsTk5vs= appuser\n"
            },
            "name": "reddit-app",
            "network_acceleration_type": "standard",
            "network_interface": [
              {
                "index": 0,
                "ip_address": "192.168.0.30",
                "ipv4": true,
                "ipv6": false,
                "ipv6_address": "",
                "mac_address": "d0:0d:1c:1c:34:d9",
                "nat": true,
                "nat_ip_address": "178.154.201.207",
                "nat_ip_version": "IPV4",
                "security_group_ids": [],
                "subnet_id": "e9bihto2tgga1haqhpp8"
              }
            ],
            "placement_policy": [
              {
                "placement_group_id": ""
              }
            ],
            "platform_id": "standard-v1",
            "resources": [
              {
                "core_fraction": 100,
                "cores": 2,
                "gpus": 0,
                "memory": 2
              }
            ],
            "scheduling_policy": [
              {
                "preemptible": false
              }
            ],
            "secondary_disk": [],
            "service_account_id": "",
            "status": "running",
            "timeouts": null,
            "zone": "ru-central1-a"
          },
          "private": "eyJlMmJmYjczMC1lY2FhLTExZTYtOGY4OC0zNDM2M2JjN2M0YzAiOnsiY3JlYXRlIjozMDAwMDAwMDAwMDAsImRlbGV0ZSI6MzAwMDAwMDAwMDAwLCJ1cGRhdGUiOjMwMDAwMDAwMDAwMH0sInNjaGVtYV92ZXJzaW9uIjoiMSJ9"
        }
      ]
    }
  ]
}
